
Microsoft Visual Studio Solution File, Format Version 12.00
# Visual Studio 15
VisualStudioVersion = 15.0.27703.2000
MinimumVisualStudioVersion = 10.0.40219.1
Global
	GlobalSection(SolutionProperties) = preSolution
		HideSolutionNode = FALSE
	EndGlobalSection
<<<<<<< HEAD
	GlobalSection(ExtensibilityGlobals) = postSolution
		SolutionGuid = {0E126089-2B5D-4ABD-ACE3-E83975E6D892}
	EndGlobalSection
=======
>>>>>>> d15851e26de6cf074164512f23285a1466ced8c6
EndGlobal
